PODS:
  - Alamofire (5.10.1)
  - OpenWebSDK (2.4.0):
    - RxCocoa (~> 6.7.0)
    - RxRelay (~> 6.7.0)
    - RxSwift (~> 6.7.0)
  - RxCocoa (6.7.0):
    - RxRelay (= 6.7.0)
    - RxSwift (= 6.7.0)
  - RxRelay (6.7.0):
    - RxSwift (= 6.7.0)
  - RxSwift (6.7.0)
  - SnapKit (5.7.1)

DEPENDENCIES:
  - Alamofire (~> 5.10.1)
  - OpenWebSDK (= 2.4.0)
  - RxCocoa (= 6.7.0)
  - RxRelay (= 6.7.0)
  - RxSwift (= 6.7.0)
  - SnapKit (~> 5.7.1)

SPEC REPOS:
  trunk:
    - Alamofire
    - OpenWebSDK
    - RxCocoa
    - RxRelay
    - RxSwift
    - SnapKit

SPEC CHECKSUMS:
  Alamofire: 840d2a1ad82355b536ec6ba5f97e5bfa54600ca3
  OpenWebSDK: 55d91b043067cd7e2408b2bc631edcb47fdcd96e
  RxCocoa: fb0aefb9e7229c8ab057acde714136d19117f102
  RxRelay: 5d39f4d8da150ad47a71b9ce11915e3eae2a8f4d
  RxSwift: 6ee35684dc3f7a63938758f4b7708199517dfa97
  SnapKit: d612e99e678a2d3b95bf60b0705ed0a35c03484a

PODFILE CHECKSUM: 96dba40be4842a98efe145a1a1ef4430571092e7

COCOAPODS: 1.16.2
