PODS:
  - Alamofire (5.10.2)
  - CombineCocoa (0.4.1)
  - CombineDataSources (0.2.5)
  - CombineExt (1.8.0)
  - OpenWebCommon (1.1.0)
  - OpenWebSDK (2.11.0):
    - OpenWebCommon (~> 1.1.0)
  - SnapKit (5.7.1)

DEPENDENCIES:
  - Alamofire (~> 5.10.1)
  - CombineCocoa (= 0.4.1)
  - CombineDataSources (= 0.2.5)
  - CombineExt (= 1.8.0)
  - OpenWebSDK (= 2.11.0)
  - SnapKit (~> 5.7.1)

SPEC REPOS:
  trunk:
    - Alamofire
    - CombineCocoa
    - CombineDataSources
    - CombineExt
    - OpenWebCommon
    - OpenWebSDK
    - SnapKit

SPEC CHECKSUMS:
  Alamofire: 7193b3b92c74a07f85569e1a6c4f4237291e7496
  CombineCocoa: e5210dbfb480ff251078929459ac17e750e7af1d
  CombineDataSources: dcbc3b06a038ffdf620b3b4533d3ecaf76ca6a2e
  CombineExt: c4daa97ef75754d8ef319bd79edeef82652f3eea
  OpenWebCommon: 8df2731b37238173eae8223923e7e6acc4a884a0
  OpenWebSDK: dd1eb9d26707212c8f562c896b473032d9825b20
  SnapKit: d612e99e678a2d3b95bf60b0705ed0a35c03484a

PODFILE CHECKSUM: 1cc179af11ccab58e0dcbc3c56aa5fc05a23d874

COCOAPODS: 1.16.2
