PODS:
  - AdPlayerSDK (1.11.9):
    - GoogleAds-IMA-iOS-SDK (~> 3.1)
  - Alamofire (5.10.1)
  - AppHarbrSDK (1.14.4)
  - Google-Mobile-Ads-SDK (11.5.0):
    - GoogleUserMessagingPlatform (>= 1.1)
  - GoogleAds-IMA-iOS-SDK (3.23.0)
  - GoogleUserMessagingPlatform (2.7.0)
  - MobileFuseSDK (1.8.0)
  - Nimble (10.0.0)
  - NimbusSDK (2.20.6):
    - NimbusSDK/NimbusKit (= 2.20.6)
  - NimbusSDK/NimbusCoreKit (2.20.6)
  - NimbusSDK/NimbusGAMKit (2.20.6):
    - Google-Mobile-Ads-SDK (>= 9.0.0)
    - NimbusSDK/NimbusKit
  - NimbusSDK/NimbusKit (2.20.6):
    - MobileFuseSDK (~> 1.7)
    - NimbusSDK/NimbusRenderKit
    - NimbusSDK/NimbusRenderStaticKit
    - NimbusSDK/NimbusRenderVideoKit
    - NimbusSDK/NimbusRequestKit
  - NimbusSDK/NimbusRenderKit (2.20.6):
    - NimbusSDK/NimbusCoreKit
  - NimbusSDK/NimbusRenderStaticKit (2.20.6):
    - NimbusSDK/NimbusRenderKit
  - NimbusSDK/NimbusRenderVideoKit (2.20.6):
    - GoogleAds-IMA-iOS-SDK (>= 3.18.4)
    - NimbusSDK/NimbusRenderKit
  - NimbusSDK/NimbusRequestKit (2.20.6):
    - NimbusSDK/NimbusCoreKit
  - OpenWrapHandlerDFP (5.0.0):
    - Google-Mobile-Ads-SDK (>= 11.0.0)
    - OpenWrapSDK (>= 3.5.0)
  - OpenWrapSDK (3.6.0):
    - OpenWrapSDK/OpenWrap (= 3.6.0)
  - OpenWrapSDK/OpenWrap (3.6.0)
  - Quick (5.0.1)
  - RxCocoa (6.7.0):
    - RxRelay (= 6.7.0)
    - RxSwift (= 6.7.0)
  - RxRelay (6.7.0):
    - RxSwift (= 6.7.0)
  - RxSwift (6.7.0)
  - SnapKit (5.7.1)

DEPENDENCIES:
  - AdPlayerSDK (= 1.11.9)
  - Alamofire (~> 5.10.1)
  - AppHarbrSDK (~> 1.14.0)
  - Google-Mobile-Ads-SDK (~> 11.5.0)
  - Nimble (~> 10.0.0)
  - NimbusSDK (~> 2.20.0)
  - NimbusSDK/NimbusGAMKit
  - NimbusSDK/NimbusKit
  - NimbusSDK/NimbusRenderStaticKit
  - OpenWrapHandlerDFP (= 5.0.0)
  - OpenWrapSDK (= 3.6.0)
  - Quick (~> 5.0.1)
  - RxCocoa (= 6.7.0)
  - RxRelay (= 6.7.0)
  - RxSwift (= 6.7.0)
  - SnapKit (~> 5.7.1)

SPEC REPOS:
  trunk:
    - AdPlayerSDK
    - Alamofire
    - AppHarbrSDK
    - Google-Mobile-Ads-SDK
    - GoogleAds-IMA-iOS-SDK
    - GoogleUserMessagingPlatform
    - MobileFuseSDK
    - Nimble
    - NimbusSDK
    - OpenWrapHandlerDFP
    - OpenWrapSDK
    - Quick
    - RxCocoa
    - RxRelay
    - RxSwift
    - SnapKit

SPEC CHECKSUMS:
  AdPlayerSDK: 92252c9ca46d37c72b817f46a77cfb510f30db1c
  Alamofire: 840d2a1ad82355b536ec6ba5f97e5bfa54600ca3
  AppHarbrSDK: 6ee4ec49f386eff915c27199ba9e6966ceb648d6
  Google-Mobile-Ads-SDK: 7db2098033ad3bfcd72a11e7503b49700a93029e
  GoogleAds-IMA-iOS-SDK: ee2a68ed7a1a17c7bb81bdb1b81590b35a3fc8f3
  GoogleUserMessagingPlatform: a8b56893477f67212fbc8411c139e61d463349f5
  MobileFuseSDK: 4dae8f266ac60d346e8b2f526b1871844d6d8128
  Nimble: 5316ef81a170ce87baf72dd961f22f89a602ff84
  NimbusSDK: 7513c920987ee47b0980011f05c53996d341b060
  OpenWrapHandlerDFP: f11f51bbbcdd696c946934a7bd2dd5741be23bb7
  OpenWrapSDK: 23f8258cd274e39cd166dd90f43ca4d81aca1451
  Quick: 749aa754fd1e7d984f2000fe051e18a3a9809179
  RxCocoa: fb0aefb9e7229c8ab057acde714136d19117f102
  RxRelay: 5d39f4d8da150ad47a71b9ce11915e3eae2a8f4d
  RxSwift: 6ee35684dc3f7a63938758f4b7708199517dfa97
  SnapKit: d612e99e678a2d3b95bf60b0705ed0a35c03484a

PODFILE CHECKSUM: 1bbde529fad173d9383ef87daf9e2ebacc4e6acf

COCOAPODS: 1.16.2
