// !$*UTF8*$!
{
	archiveVersion = 1;
	classes = {
	};
	objectVersion = 50;
	objects = {

/* Begin PBXBuildFile section */
		5DA0D29822BA718D0029511E /* AppDelegate.swift in Sources */ = {isa = PBXBuildFile; fileRef = 5DA0D29722BA718D0029511E /* AppDelegate.swift */; };
		5DA0D29A22BA718D0029511E /* ViewController.swift in Sources */ = {isa = PBXBuildFile; fileRef = 5DA0D29922BA718D0029511E /* ViewController.swift */; };
		5DA0D29D22BA718D0029511E /* Main.storyboard in Resources */ = {isa = PBXBuildFile; fileRef = 5DA0D29B22BA718D0029511E /* Main.storyboard */; };
		5DA0D29F22BA718E0029511E /* Assets.xcassets in Resources */ = {isa = PBXBuildFile; fileRef = 5DA0D29E22BA718E0029511E /* Assets.xcassets */; };
		5DA0D2A222BA718E0029511E /* LaunchScreen.storyboard in Resources */ = {isa = PBXBuildFile; fileRef = 5DA0D2A022BA718E0029511E /* LaunchScreen.storyboard */; };
		5DA0D2AD22BA718E0029511E /* Spot_IM_Example_DNDTests.swift in Sources */ = {isa = PBXBuildFile; fileRef = 5DA0D2AC22BA718E0029511E /* Spot_IM_Example_DNDTests.swift */; };
		5DEF016822BA7D08007BF81F /* Spot_IM_Core.framework in Frameworks */ = {isa = PBXBuildFile; fileRef = 5DEF016622BA7CF7007BF81F /* Spot_IM_Core.framework */; };
		5DEF016922BA7D08007BF81F /* Spot_IM_Core.framework in Embed Frameworks */ = {isa = PBXBuildFile; fileRef = 5DEF016622BA7CF7007BF81F /* Spot_IM_Core.framework */; settings = {ATTRIBUTES = (CodeSignOnCopy, RemoveHeadersOnCopy, ); }; };
/* End PBXBuildFile section */

/* Begin PBXContainerItemProxy section */
		5DA0D2A922BA718E0029511E /* PBXContainerItemProxy */ = {
			isa = PBXContainerItemProxy;
			containerPortal = 5DA0D28C22BA718D0029511E /* Project object */;
			proxyType = 1;
			remoteGlobalIDString = 5DA0D29322BA718D0029511E;
			remoteInfo = "Spot.IM-Example.DND";
		};
/* End PBXContainerItemProxy section */

/* Begin PBXCopyFilesBuildPhase section */
		5DEF015A22BA7363007BF81F /* Embed Frameworks */ = {
			isa = PBXCopyFilesBuildPhase;
			buildActionMask = 2147483647;
			dstPath = "";
			dstSubfolderSpec = 10;
			files = (
				5DEF016922BA7D08007BF81F /* Spot_IM_Core.framework in Embed Frameworks */,
			);
			name = "Embed Frameworks";
			runOnlyForDeploymentPostprocessing = 0;
		};
/* End PBXCopyFilesBuildPhase section */

/* Begin PBXFileReference section */
		5DA0D29422BA718D0029511E /* Spot.IM-Example.DND.app */ = {isa = PBXFileReference; explicitFileType = wrapper.application; includeInIndex = 0; path = "Spot.IM-Example.DND.app"; sourceTree = BUILT_PRODUCTS_DIR; };
		5DA0D29722BA718D0029511E /* AppDelegate.swift */ = {isa = PBXFileReference; lastKnownFileType = sourcecode.swift; path = AppDelegate.swift; sourceTree = "<group>"; };
		5DA0D29922BA718D0029511E /* ViewController.swift */ = {isa = PBXFileReference; lastKnownFileType = sourcecode.swift; path = ViewController.swift; sourceTree = "<group>"; };
		5DA0D29C22BA718D0029511E /* Base */ = {isa = PBXFileReference; lastKnownFileType = file.storyboard; name = Base; path = Base.lproj/Main.storyboard; sourceTree = "<group>"; };
		5DA0D29E22BA718E0029511E /* Assets.xcassets */ = {isa = PBXFileReference; lastKnownFileType = folder.assetcatalog; path = Assets.xcassets; sourceTree = "<group>"; };
		5DA0D2A122BA718E0029511E /* Base */ = {isa = PBXFileReference; lastKnownFileType = file.storyboard; name = Base; path = Base.lproj/LaunchScreen.storyboard; sourceTree = "<group>"; };
		5DA0D2A322BA718E0029511E /* Info.plist */ = {isa = PBXFileReference; lastKnownFileType = text.plist.xml; path = Info.plist; sourceTree = "<group>"; };
		5DA0D2A822BA718E0029511E /* Spot.IM-Example.DNDTests.xctest */ = {isa = PBXFileReference; explicitFileType = wrapper.cfbundle; includeInIndex = 0; path = "Spot.IM-Example.DNDTests.xctest"; sourceTree = BUILT_PRODUCTS_DIR; };
		5DA0D2AC22BA718E0029511E /* Spot_IM_Example_DNDTests.swift */ = {isa = PBXFileReference; lastKnownFileType = sourcecode.swift; path = Spot_IM_Example_DNDTests.swift; sourceTree = "<group>"; };
		5DA0D2AE22BA718E0029511E /* Info.plist */ = {isa = PBXFileReference; lastKnownFileType = text.plist.xml; path = Info.plist; sourceTree = "<group>"; };
		5DEF016622BA7CF7007BF81F /* Spot_IM_Core.framework */ = {isa = PBXFileReference; lastKnownFileType = wrapper.framework; path = Spot_IM_Core.framework; sourceTree = "<group>"; };
/* End PBXFileReference section */

/* Begin PBXFrameworksBuildPhase section */
		5DA0D29122BA718D0029511E /* Frameworks */ = {
			isa = PBXFrameworksBuildPhase;
			buildActionMask = 2147483647;
			files = (
				5DEF016822BA7D08007BF81F /* Spot_IM_Core.framework in Frameworks */,
			);
			runOnlyForDeploymentPostprocessing = 0;
		};
		5DA0D2A522BA718E0029511E /* Frameworks */ = {
			isa = PBXFrameworksBuildPhase;
			buildActionMask = 2147483647;
			files = (
			);
			runOnlyForDeploymentPostprocessing = 0;
		};
/* End PBXFrameworksBuildPhase section */

/* Begin PBXGroup section */
		5DA0D28B22BA718D0029511E = {
			isa = PBXGroup;
			children = (
				5DEF016522BA7CE6007BF81F /* Frameworks */,
				5DA0D29622BA718D0029511E /* Spot.IM-Example.DND */,
				5DA0D2AB22BA718E0029511E /* Spot.IM-Example.DNDTests */,
				5DA0D29522BA718D0029511E /* Products */,
			);
			sourceTree = "<group>";
		};
		5DA0D29522BA718D0029511E /* Products */ = {
			isa = PBXGroup;
			children = (
				5DA0D29422BA718D0029511E /* Spot.IM-Example.DND.app */,
				5DA0D2A822BA718E0029511E /* Spot.IM-Example.DNDTests.xctest */,
			);
			name = Products;
			sourceTree = "<group>";
		};
		5DA0D29622BA718D0029511E /* Spot.IM-Example.DND */ = {
			isa = PBXGroup;
			children = (
				5DA0D29722BA718D0029511E /* AppDelegate.swift */,
				5DA0D29922BA718D0029511E /* ViewController.swift */,
				5DA0D29B22BA718D0029511E /* Main.storyboard */,
				5DA0D29E22BA718E0029511E /* Assets.xcassets */,
				5DA0D2A022BA718E0029511E /* LaunchScreen.storyboard */,
				5DA0D2A322BA718E0029511E /* Info.plist */,
			);
			path = "Spot.IM-Example.DND";
			sourceTree = "<group>";
		};
		5DA0D2AB22BA718E0029511E /* Spot.IM-Example.DNDTests */ = {
			isa = PBXGroup;
			children = (
				5DA0D2AC22BA718E0029511E /* Spot_IM_Example_DNDTests.swift */,
				5DA0D2AE22BA718E0029511E /* Info.plist */,
			);
			path = "Spot.IM-Example.DNDTests";
			sourceTree = "<group>";
		};
		5DEF016522BA7CE6007BF81F /* Frameworks */ = {
			isa = PBXGroup;
			children = (
				5DEF016622BA7CF7007BF81F /* Spot_IM_Core.framework */,
			);
			path = Frameworks;
			sourceTree = "<group>";
		};
/* End PBXGroup section */

/* Begin PBXNativeTarget section */
		5DA0D29322BA718D0029511E /* Spot.IM-Example.DND */ = {
			isa = PBXNativeTarget;
			buildConfigurationList = 5DA0D2B122BA718E0029511E /* Build configuration list for PBXNativeTarget "Spot.IM-Example.DND" */;
			buildPhases = (
				5DA0D29022BA718D0029511E /* Sources */,
				5DA0D29122BA718D0029511E /* Frameworks */,
				5DA0D29222BA718D0029511E /* Resources */,
				5DEF015A22BA7363007BF81F /* Embed Frameworks */,
			);
			buildRules = (
			);
			dependencies = (
			);
			name = "Spot.IM-Example.DND";
			productName = "Spot.IM-Example.DND";
			productReference = 5DA0D29422BA718D0029511E /* Spot.IM-Example.DND.app */;
			productType = "com.apple.product-type.application";
		};
		5DA0D2A722BA718E0029511E /* Spot.IM-Example.DNDTests */ = {
			isa = PBXNativeTarget;
			buildConfigurationList = 5DA0D2B422BA718E0029511E /* Build configuration list for PBXNativeTarget "Spot.IM-Example.DNDTests" */;
			buildPhases = (
				5DA0D2A422BA718E0029511E /* Sources */,
				5DA0D2A522BA718E0029511E /* Frameworks */,
				5DA0D2A622BA718E0029511E /* Resources */,
			);
			buildRules = (
			);
			dependencies = (
				5DA0D2AA22BA718E0029511E /* PBXTargetDependency */,
			);
			name = "Spot.IM-Example.DNDTests";
			productName = "Spot.IM-Example.DNDTests";
			productReference = 5DA0D2A822BA718E0029511E /* Spot.IM-Example.DNDTests.xctest */;
			productType = "com.apple.product-type.bundle.unit-test";
		};
/* End PBXNativeTarget section */

/* Begin PBXProject section */
		5DA0D28C22BA718D0029511E /* Project object */ = {
			isa = PBXProject;
			attributes = {
				LastSwiftUpdateCheck = 1020;
				LastUpgradeCheck = 1020;
				ORGANIZATIONNAME = Spot.IM;
				TargetAttributes = {
					5DA0D29322BA718D0029511E = {
						CreatedOnToolsVersion = 10.2.1;
					};
					5DA0D2A722BA718E0029511E = {
						CreatedOnToolsVersion = 10.2.1;
						TestTargetID = 5DA0D29322BA718D0029511E;
					};
				};
			};
			buildConfigurationList = 5DA0D28F22BA718D0029511E /* Build configuration list for PBXProject "Spot.IM-Example.DND" */;
			compatibilityVersion = "Xcode 9.3";
			developmentRegion = en;
			hasScannedForEncodings = 0;
			knownRegions = (
				en,
				Base,
			);
			mainGroup = 5DA0D28B22BA718D0029511E;
			productRefGroup = 5DA0D29522BA718D0029511E /* Products */;
			projectDirPath = "";
			projectRoot = "";
			targets = (
				5DA0D29322BA718D0029511E /* Spot.IM-Example.DND */,
				5DA0D2A722BA718E0029511E /* Spot.IM-Example.DNDTests */,
			);
		};
/* End PBXProject section */

/* Begin PBXResourcesBuildPhase section */
		5DA0D29222BA718D0029511E /* Resources */ = {
			isa = PBXResourcesBuildPhase;
			buildActionMask = 2147483647;
			files = (
				5DA0D2A222BA718E0029511E /* LaunchScreen.storyboard in Resources */,
				5DA0D29F22BA718E0029511E /* Assets.xcassets in Resources */,
				5DA0D29D22BA718D0029511E /* Main.storyboard in Resources */,
			);
			runOnlyForDeploymentPostprocessing = 0;
		};
		5DA0D2A622BA718E0029511E /* Resources */ = {
			isa = PBXResourcesBuildPhase;
			buildActionMask = 2147483647;
			files = (
			);
			runOnlyForDeploymentPostprocessing = 0;
		};
/* End PBXResourcesBuildPhase section */

/* Begin PBXSourcesBuildPhase section */
		5DA0D29022BA718D0029511E /* Sources */ = {
			isa = PBXSourcesBuildPhase;
			buildActionMask = 2147483647;
			files = (
				5DA0D29A22BA718D0029511E /* ViewController.swift in Sources */,
				5DA0D29822BA718D0029511E /* AppDelegate.swift in Sources */,
			);
			runOnlyForDeploymentPostprocessing = 0;
		};
		5DA0D2A422BA718E0029511E /* Sources */ = {
			isa = PBXSourcesBuildPhase;
			buildActionMask = 2147483647;
			files = (
				5DA0D2AD22BA718E0029511E /* Spot_IM_Example_DNDTests.swift in Sources */,
			);
			runOnlyForDeploymentPostprocessing = 0;
		};
/* End PBXSourcesBuildPhase section */

/* Begin PBXTargetDependency section */
		5DA0D2AA22BA718E0029511E /* PBXTargetDependency */ = {
			isa = PBXTargetDependency;
			target = 5DA0D29322BA718D0029511E /* Spot.IM-Example.DND */;
			targetProxy = 5DA0D2A922BA718E0029511E /* PBXContainerItemProxy */;
		};
/* End PBXTargetDependency section */

/* Begin PBXVariantGroup section */
		5DA0D29B22BA718D0029511E /* Main.storyboard */ = {
			isa = PBXVariantGroup;
			children = (
				5DA0D29C22BA718D0029511E /* Base */,
			);
			name = Main.storyboard;
			sourceTree = "<group>";
		};
		5DA0D2A022BA718E0029511E /* LaunchScreen.storyboard */ = {
			isa = PBXVariantGroup;
			children = (
				5DA0D2A122BA718E0029511E /* Base */,
			);
			name = LaunchScreen.storyboard;
			sourceTree = "<group>";
		};
/* End PBXVariantGroup section */

/* Begin XCBuildConfiguration section */
		5DA0D2AF22BA718E0029511E /* Debug */ = {
			isa = XCBuildConfiguration;
			buildSettings = {
				ALWAYS_SEARCH_USER_PATHS = NO;
				CLANG_ANALYZER_NONNULL = YES;
				CLANG_ANALYZER_NUMBER_OBJECT_CONVERSION = YES_AGGRESSIVE;
				CLANG_CXX_LANGUAGE_STANDARD = "gnu++14";
				CLANG_CXX_LIBRARY = "libc++";
				CLANG_ENABLE_MODULES = YES;
				CLANG_ENABLE_OBJC_ARC = YES;
				CLANG_ENABLE_OBJC_WEAK = YES;
				CLANG_WARN_BLOCK_CAPTURE_AUTORELEASING = YES;
				CLANG_WARN_BOOL_CONVERSION = YES;
				CLANG_WARN_COMMA = YES;
				CLANG_WARN_CONSTANT_CONVERSION = YES;
				CLANG_WARN_DEPRECATED_OBJC_IMPLEMENTATIONS = YES;
				CLANG_WARN_DIRECT_OBJC_ISA_USAGE = YES_ERROR;
				CLANG_WARN_DOCUMENTATION_COMMENTS = YES;
				CLANG_WARN_EMPTY_BODY = YES;
				CLANG_WARN_ENUM_CONVERSION = YES;
				CLANG_WARN_INFINITE_RECURSION = YES;
				CLANG_WARN_INT_CONVERSION = YES;
				CLANG_WARN_NON_LITERAL_NULL_CONVERSION = YES;
				CLANG_WARN_OBJC_IMPLICIT_RETAIN_SELF = YES;
				CLANG_WARN_OBJC_LITERAL_CONVERSION = YES;
				CLANG_WARN_OBJC_ROOT_CLASS = YES_ERROR;
				CLANG_WARN_RANGE_LOOP_ANALYSIS = YES;
				CLANG_WARN_STRICT_PROTOTYPES = YES;
				CLANG_WARN_SUSPICIOUS_MOVE = YES;
				CLANG_WARN_UNGUARDED_AVAILABILITY = YES_AGGRESSIVE;
				CLANG_WARN_UNREACHABLE_CODE = YES;
				CLANG_WARN__DUPLICATE_METHOD_MATCH = YES;
				CODE_SIGN_IDENTITY = "iPhone Developer";
				COPY_PHASE_STRIP = NO;
				DEBUG_INFORMATION_FORMAT = dwarf;
				ENABLE_STRICT_OBJC_MSGSEND = YES;
				ENABLE_TESTABILITY = YES;
				GCC_C_LANGUAGE_STANDARD = gnu11;
				GCC_DYNAMIC_NO_PIC = NO;
				GCC_NO_COMMON_BLOCKS = YES;
				GCC_OPTIMIZATION_LEVEL = 0;
				GCC_PREPROCESSOR_DEFINITIONS = (
					"DEBUG=1",
					"$(inherited)",
				);
				GCC_WARN_64_TO_32_BIT_CONVERSION = YES;
				GCC_WARN_ABOUT_RETURN_TYPE = YES_ERROR;
				GCC_WARN_UNDECLARED_SELECTOR = YES;
				GCC_WARN_UNINITIALIZED_AUTOS = YES_AGGRESSIVE;
				GCC_WARN_UNUSED_FUNCTION = YES;
				GCC_WARN_UNUSED_VARIABLE = YES;
				IPHONEOS_DEPLOYMENT_TARGET = 12.2;
				MTL_ENABLE_DEBUG_INFO = INCLUDE_SOURCE;
				MTL_FAST_MATH = YES;
				ONLY_ACTIVE_ARCH = YES;
				SDKROOT = iphoneos;
				SWIFT_ACTIVE_COMPILATION_CONDITIONS = DEBUG;
				SWIFT_OPTIMIZATION_LEVEL = "-Onone";
			};
			name = Debug;
		};
		5DA0D2B022BA718E0029511E /* Release */ = {
			isa = XCBuildConfiguration;
			buildSettings = {
				ALWAYS_SEARCH_USER_PATHS = NO;
				CLANG_ANALYZER_NONNULL = YES;
				CLANG_ANALYZER_NUMBER_OBJECT_CONVERSION = YES_AGGRESSIVE;
				CLANG_CXX_LANGUAGE_STANDARD = "gnu++14";
				CLANG_CXX_LIBRARY = "libc++";
				CLANG_ENABLE_MODULES = YES;
				CLANG_ENABLE_OBJC_ARC = YES;
				CLANG_ENABLE_OBJC_WEAK = YES;
				CLANG_WARN_BLOCK_CAPTURE_AUTORELEASING = YES;
				CLANG_WARN_BOOL_CONVERSION = YES;
				CLANG_WARN_COMMA = YES;
				CLANG_WARN_CONSTANT_CONVERSION = YES;
				CLANG_WARN_DEPRECATED_OBJC_IMPLEMENTATIONS = YES;
				CLANG_WARN_DIRECT_OBJC_ISA_USAGE = YES_ERROR;
				CLANG_WARN_DOCUMENTATION_COMMENTS = YES;
				CLANG_WARN_EMPTY_BODY = YES;
				CLANG_WARN_ENUM_CONVERSION = YES;
				CLANG_WARN_INFINITE_RECURSION = YES;
				CLANG_WARN_INT_CONVERSION = YES;
				CLANG_WARN_NON_LITERAL_NULL_CONVERSION = YES;
				CLANG_WARN_OBJC_IMPLICIT_RETAIN_SELF = YES;
				CLANG_WARN_OBJC_LITERAL_CONVERSION = YES;
				CLANG_WARN_OBJC_ROOT_CLASS = YES_ERROR;
				CLANG_WARN_RANGE_LOOP_ANALYSIS = YES;
				CLANG_WARN_STRICT_PROTOTYPES = YES;
				CLANG_WARN_SUSPICIOUS_MOVE = YES;
				CLANG_WARN_UNGUARDED_AVAILABILITY = YES_AGGRESSIVE;
				CLANG_WARN_UNREACHABLE_CODE = YES;
				CLANG_WARN__DUPLICATE_METHOD_MATCH = YES;
				CODE_SIGN_IDENTITY = "iPhone Developer";
				COPY_PHASE_STRIP = NO;
				DEBUG_INFORMATION_FORMAT = "dwarf-with-dsym";
				ENABLE_NS_ASSERTIONS = NO;
				ENABLE_STRICT_OBJC_MSGSEND = YES;
				GCC_C_LANGUAGE_STANDARD = gnu11;
				GCC_NO_COMMON_BLOCKS = YES;
				GCC_WARN_64_TO_32_BIT_CONVERSION = YES;
				GCC_WARN_ABOUT_RETURN_TYPE = YES_ERROR;
				GCC_WARN_UNDECLARED_SELECTOR = YES;
				GCC_WARN_UNINITIALIZED_AUTOS = YES_AGGRESSIVE;
				GCC_WARN_UNUSED_FUNCTION = YES;
				GCC_WARN_UNUSED_VARIABLE = YES;
				IPHONEOS_DEPLOYMENT_TARGET = 12.2;
				MTL_ENABLE_DEBUG_INFO = NO;
				MTL_FAST_MATH = YES;
				SDKROOT = iphoneos;
				SWIFT_COMPILATION_MODE = wholemodule;
				SWIFT_OPTIMIZATION_LEVEL = "-O";
				VALIDATE_PRODUCT = YES;
			};
			name = Release;
		};
		5DA0D2B222BA718E0029511E /* Debug */ = {
			isa = XCBuildConfiguration;
			buildSettings = {
				ASSETCATALOG_COMPILER_APPICON_NAME = AppIcon;
				CODE_SIGN_STYLE = Automatic;
				DEVELOPMENT_TEAM = 75299F74F7;
				FRAMEWORK_SEARCH_PATHS = (
					"$(inherited)",
					"$(PROJECT_DIR)/Frameworks/**",
					"$(PROJECT_DIR)",
					"$(PROJECT_DIR)/Frameworks",
				);
				INFOPLIST_FILE = "Spot.IM-Example.DND/Info.plist";
				IPHONEOS_DEPLOYMENT_TARGET = 9.0;
				LD_RUNPATH_SEARCH_PATHS = (
					"$(inherited)",
					"@executable_path/Frameworks",
				);
				ONLY_ACTIVE_ARCH = NO;
				PRODUCT_BUNDLE_IDENTIFIER = "im.spot.Spot-IM-Example-DND-temporary";
				PRODUCT_NAME = "$(TARGET_NAME)";
				SWIFT_VERSION = 5.0;
				TARGETED_DEVICE_FAMILY = "1,2";
			};
			name = Debug;
		};
		5DA0D2B322BA718E0029511E /* Release */ = {
			isa = XCBuildConfiguration;
			buildSettings = {
				ASSETCATALOG_COMPILER_APPICON_NAME = AppIcon;
				CODE_SIGN_STYLE = Automatic;
				DEVELOPMENT_TEAM = 75299F74F7;
				FRAMEWORK_SEARCH_PATHS = (
					"$(inherited)",
					"$(PROJECT_DIR)/Frameworks/**",
					"$(PROJECT_DIR)",
					"$(PROJECT_DIR)/Frameworks",
				);
				INFOPLIST_FILE = "Spot.IM-Example.DND/Info.plist";
				IPHONEOS_DEPLOYMENT_TARGET = 9.0;
				LD_RUNPATH_SEARCH_PATHS = (
					"$(inherited)",
					"@executable_path/Frameworks",
				);
				ONLY_ACTIVE_ARCH = NO;
				PRODUCT_BUNDLE_IDENTIFIER = "im.spot.Spot-IM-Example-DND-temporary";
				PRODUCT_NAME = "$(TARGET_NAME)";
				SWIFT_VERSION = 5.0;
				TARGETED_DEVICE_FAMILY = "1,2";
			};
			name = Release;
		};
		5DA0D2B522BA718E0029511E /* Debug */ = {
			isa = XCBuildConfiguration;
			buildSettings = {
				ALWAYS_EMBED_SWIFT_STANDARD_LIBRARIES = YES;
				BUNDLE_LOADER = "$(TEST_HOST)";
				CODE_SIGN_STYLE = Automatic;
				DEVELOPMENT_TEAM = 75299F74F7;
				INFOPLIST_FILE = "Spot.IM-Example.DNDTests/Info.plist";
				LD_RUNPATH_SEARCH_PATHS = (
					"$(inherited)",
					"@executable_path/Frameworks",
					"@loader_path/Frameworks",
				);
				PRODUCT_BUNDLE_IDENTIFIER = "im.spot.Spot-IM-Example-DNDTests";
				PRODUCT_NAME = "$(TARGET_NAME)";
				SWIFT_VERSION = 5.0;
				TARGETED_DEVICE_FAMILY = "1,2";
				TEST_HOST = "$(BUILT_PRODUCTS_DIR)/Spot.IM-Example.DND.app/Spot.IM-Example.DND";
			};
			name = Debug;
		};
		5DA0D2B622BA718E0029511E /* Release */ = {
			isa = XCBuildConfiguration;
			buildSettings = {
				ALWAYS_EMBED_SWIFT_STANDARD_LIBRARIES = YES;
				BUNDLE_LOADER = "$(TEST_HOST)";
				CODE_SIGN_STYLE = Automatic;
				DEVELOPMENT_TEAM = 75299F74F7;
				INFOPLIST_FILE = "Spot.IM-Example.DNDTests/Info.plist";
				LD_RUNPATH_SEARCH_PATHS = (
					"$(inherited)",
					"@executable_path/Frameworks",
					"@loader_path/Frameworks",
				);
				PRODUCT_BUNDLE_IDENTIFIER = "im.spot.Spot-IM-Example-DNDTests";
				PRODUCT_NAME = "$(TARGET_NAME)";
				SWIFT_VERSION = 5.0;
				TARGETED_DEVICE_FAMILY = "1,2";
				TEST_HOST = "$(BUILT_PRODUCTS_DIR)/Spot.IM-Example.DND.app/Spot.IM-Example.DND";
			};
			name = Release;
		};
/* End XCBuildConfiguration section */

/* Begin XCConfigurationList section */
		5DA0D28F22BA718D0029511E /* Build configuration list for PBXProject "Spot.IM-Example.DND" */ = {
			isa = XCConfigurationList;
			buildConfigurations = (
				5DA0D2AF22BA718E0029511E /* Debug */,
				5DA0D2B022BA718E0029511E /* Release */,
			);
			defaultConfigurationIsVisible = 0;
			defaultConfigurationName = Release;
		};
		5DA0D2B122BA718E0029511E /* Build configuration list for PBXNativeTarget "Spot.IM-Example.DND" */ = {
			isa = XCConfigurationList;
			buildConfigurations = (
				5DA0D2B222BA718E0029511E /* Debug */,
				5DA0D2B322BA718E0029511E /* Release */,
			);
			defaultConfigurationIsVisible = 0;
			defaultConfigurationName = Release;
		};
		5DA0D2B422BA718E0029511E /* Build configuration list for PBXNativeTarget "Spot.IM-Example.DNDTests" */ = {
			isa = XCConfigurationList;
			buildConfigurations = (
				5DA0D2B522BA718E0029511E /* Debug */,
				5DA0D2B622BA718E0029511E /* Release */,
			);
			defaultConfigurationIsVisible = 0;
			defaultConfigurationName = Release;
		};
/* End XCConfigurationList section */
	};
	rootObject = 5DA0D28C22BA718D0029511E /* Project object */;
}
