PODS:
  - Bolts (1.9.0):
    - Bolts/AppLinks (= 1.9.0)
    - Bolts/Tasks (= 1.9.0)
  - Bolts/AppLinks (1.9.0):
    - Bolts/Tasks
  - Bolts/Tasks (1.9.0)
  - FBSDKCoreKit (4.44.1):
    - Bolts (~> 1.9)
  - Spot.IM-Core (0.0.1):
    - FBSDKCoreKit

DEPENDENCIES:
  - FBSDKCoreKit (= 4.44.1)
  - Spot.IM-Core

SPEC REPOS:
  "git@github.com:FedinAndriy/tempSpotSpecRepo.git":
    - Spot.IM-Core
  https://github.com/cocoapods/specs.git:
    - Bolts
    - FBSDKCoreKit

SPEC CHECKSUMS:
  Bolts: ac6567323eac61e203f6a9763667d0f711be34c8
  FBSDKCoreKit: a823ae35bdb60ebb8d7a7e51abe7c5d87d2bfced
  Spot.IM-Core: 6791e7b0e6865a06333d9e9554e44d48fc8398bc

PODFILE CHECKSUM: 07489d86f885f1ec8d514984ba065176f341d508

COCOAPODS: 1.7.1
