PODS:
  - Alamofire (4.8.2)
  - SnapKit (4.2.0)
  - Spot.IM-Core (0.0.1):
    - Alamofire (~> 4.8.2)
    - SnapKit (~> 4.2.0)

DEPENDENCIES:
  - Spot.IM-Core

SPEC REPOS:
  "git@github.com:SpotIM/spotim-ios-sdk-pod.git":
    - Spot.IM-Core
  https://github.com/cocoapods/specs.git:
    - Alamofire
    - SnapKit

SPEC CHECKSUMS:
  Alamofire: ae5c501addb7afdbb13687d7f2f722c78734c2d3
  SnapKit: fe8a619752f3f27075cc9a90244d75c6c3f27e2a
  Spot.IM-Core: e7ca5f55f14ca64a25d5ffa6e632b10fbfe0ec39

PODFILE CHECKSUM: 11b1d5a8976a599a78b70f76bb7cef741929944d

COCOAPODS: 1.7.1
