<?xml version="1.0" encoding="UTF-8"?>
<Scheme
   LastUpgradeVersion = "1540"
   version = "1.7">
   <BuildAction
      parallelizeBuildables = "YES"
      buildImplicitDependencies = "YES"
      buildArchitectures = "Automatic">
      <BuildActionEntries>
         <BuildActionEntry
            buildForTesting = "YES"
            buildForRunning = "YES"
            buildForProfiling = "YES"
            buildForArchiving = "YES"
            buildForAnalyzing = "YES">
            <BuildableReference
               BuildableIdentifier = "primary"
               BlueprintIdentifier = "3DA1DEC02C6CCB0300EBFA7D"
               BuildableName = "OpenWeb_SampleApp_Internal_Configs.framework"
               BlueprintName = "OpenWeb-SampleApp-Internal-Configs"
               ReferencedContainer = "container:OpenWeb-Development.xcodeproj">
            </BuildableReference>
         </BuildActionEntry>
      </BuildActionEntries>
   </BuildAction>
   <TestAction
      buildConfiguration = "ReleaseInternal"
      selectedDebuggerIdentifier = "Xcode.DebuggerFoundation.Debugger.LLDB"
      selectedLauncherIdentifier = "Xcode.DebuggerFoundation.Launcher.LLDB"
      shouldUseLaunchSchemeArgsEnv = "YES"
      shouldAutocreateTestPlan = "YES">
      <Testables>
         <TestableReference
            skipped = "NO"
            parallelizable = "YES">
            <BuildableReference
               BuildableIdentifier = "primary"
               BlueprintIdentifier = "3DA1DEC92C6CCB0300EBFA7D"
               BuildableName = "OpenWeb-SampleApp-Internal-ConfigsTests.xctest"
               BlueprintName = "OpenWeb-SampleApp-Internal-ConfigsTests"
               ReferencedContainer = "container:OpenWeb-Development.xcodeproj">
            </BuildableReference>
         </TestableReference>
      </Testables>
   </TestAction>
   <LaunchAction
      buildConfiguration = "ReleaseInternal"
      selectedDebuggerIdentifier = "Xcode.DebuggerFoundation.Debugger.LLDB"
      selectedLauncherIdentifier = "Xcode.DebuggerFoundation.Launcher.LLDB"
      launchStyle = "0"
      useCustomWorkingDirectory = "NO"
      ignoresPersistentStateOnLaunch = "NO"
      debugDocumentVersioning = "YES"
      debugServiceExtension = "internal"
      allowLocationSimulation = "YES">
   </LaunchAction>
   <ProfileAction
      buildConfiguration = "ReleaseInternal"
      shouldUseLaunchSchemeArgsEnv = "YES"
      savedToolIdentifier = ""
      useCustomWorkingDirectory = "NO"
      debugDocumentVersioning = "YES">
      <MacroExpansion>
         <BuildableReference
            BuildableIdentifier = "primary"
            BlueprintIdentifier = "3DA1DEC02C6CCB0300EBFA7D"
            BuildableName = "OpenWeb_SampleApp_Internal_Configs.framework"
            BlueprintName = "OpenWeb-SampleApp-Internal-Configs"
            ReferencedContainer = "container:OpenWeb-Development.xcodeproj">
         </BuildableReference>
      </MacroExpansion>
   </ProfileAction>
   <AnalyzeAction
      buildConfiguration = "ReleaseInternal">
   </AnalyzeAction>
   <ArchiveAction
      buildConfiguration = "ReleaseInternal"
      revealArchiveInOrganizer = "YES">
   </ArchiveAction>
</Scheme>
